
Microsoft Visual Studio Solution File, Format Version 9.00
# Visual Studio 2005
Project("{8BC9CEB8-8B4A-11D0-8D11-00A0C91BC942}") = "ejs", "ejs.vcproj", "{E9635127-7580-414E-9128-D7C2C3519EFC}"
	ProjectSection(ProjectDependencies) = postProject
		{DAAF431C-B811-49DF-94C0-82B4AF3E1AAB} = {DAAF431C-B811-49DF-94C0-82B4AF3E1AAB}
		{EFF21AB0-78D1-4EB3-9407-89DBB870C8DE} = {EFF21AB0-78D1-4EB3-9407-89DBB870C8DE}
		{1EABCABF-519E-4B55-9AB7-6151DF029FC4} = {1EABCABF-519E-4B55-9AB7-6151DF029FC4}
	EndProjectSection
EndProject
Project("{8BC9CEB8-8B4A-11D0-8D11-00A0C91BC942}") = "ejsc", "ejsc.vcproj", "{71A19533-E8CC-41E0-8C56-27DEE236122F}"
	ProjectSection(ProjectDependencies) = postProject
		{A319C139-B2EC-4E8F-8E44-61C58C8CF3CB} = {A319C139-B2EC-4E8F-8E44-61C58C8CF3CB}
		{E9635127-7580-414E-9128-D7C2C3519EFC} = {E9635127-7580-414E-9128-D7C2C3519EFC}
	EndProjectSection
EndProject
Project("{8BC9CEB8-8B4A-11D0-8D11-00A0C91BC942}") = "ejsmod", "ejsmod.vcproj", "{A319C139-B2EC-4E8F-8E44-61C58C8CF3CB}"
	ProjectSection(ProjectDependencies) = postProject
		{DAAF431C-B811-49DF-94C0-82B4AF3E1AAB} = {DAAF431C-B811-49DF-94C0-82B4AF3E1AAB}
		{EFF21AB0-78D1-4EB3-9407-89DBB870C8DE} = {EFF21AB0-78D1-4EB3-9407-89DBB870C8DE}
		{1EABCABF-519E-4B55-9AB7-6151DF029FC4} = {1EABCABF-519E-4B55-9AB7-6151DF029FC4}
	EndProjectSection
EndProject
Project("{8BC9CEB8-8B4A-11D0-8D11-00A0C91BC942}") = "ejsvm", "ejsvm.vcproj", "{11628554-282C-4391-843C-343DC6F4ACDE}"
	ProjectSection(ProjectDependencies) = postProject
		{DAAF431C-B811-49DF-94C0-82B4AF3E1AAB} = {DAAF431C-B811-49DF-94C0-82B4AF3E1AAB}
		{A319C139-B2EC-4E8F-8E44-61C58C8CF3CB} = {A319C139-B2EC-4E8F-8E44-61C58C8CF3CB}
		{1EABCABF-519E-4B55-9AB7-6151DF029FC4} = {1EABCABF-519E-4B55-9AB7-6151DF029FC4}
	EndProjectSection
EndProject
Project("{8BC9CEB8-8B4A-11D0-8D11-00A0C91BC942}") = "ejssql", "ejssql.vcproj", "{1C28FC40-CA0E-4289-B892-226F1DE4B272}"
	ProjectSection(ProjectDependencies) = postProject
		{DAAF431C-B811-49DF-94C0-82B4AF3E1AAB} = {DAAF431C-B811-49DF-94C0-82B4AF3E1AAB}
		{11628554-282C-4391-843C-343DC6F4ACDE} = {11628554-282C-4391-843C-343DC6F4ACDE}
		{748A22EF-358B-4BCF-8913-62D7C37F6939} = {748A22EF-358B-4BCF-8913-62D7C37F6939}
	EndProjectSection
EndProject
Project("{8BC9CEB8-8B4A-11D0-8D11-00A0C91BC942}") = "ejsweb", "ejsweb.vcproj", "{D001A2B1-DDFC-4EF9-8202-8F37263DFC4C}"
	ProjectSection(ProjectDependencies) = postProject
		{DAAF431C-B811-49DF-94C0-82B4AF3E1AAB} = {DAAF431C-B811-49DF-94C0-82B4AF3E1AAB}
		{EFF21AB0-78D1-4EB3-9407-89DBB870C8DE} = {EFF21AB0-78D1-4EB3-9407-89DBB870C8DE}
		{1EABCABF-519E-4B55-9AB7-6151DF029FC4} = {1EABCABF-519E-4B55-9AB7-6151DF029FC4}
	EndProjectSection
EndProject
Project("{8BC9CEB8-8B4A-11D0-8D11-00A0C91BC942}") = "ejscgi", "ejscgi.vcproj", "{428A6BD3-5425-46F9-8215-639CF3519955}"
	ProjectSection(ProjectDependencies) = postProject
		{335892E3-0183-47D6-BDE3-EF95CDCC62EA} = {335892E3-0183-47D6-BDE3-EF95CDCC62EA}
		{BA2C51B3-D840-448F-8D75-BB6F385C3F3D} = {BA2C51B3-D840-448F-8D75-BB6F385C3F3D}
		{DAAF431C-B811-49DF-94C0-82B4AF3E1AAB} = {DAAF431C-B811-49DF-94C0-82B4AF3E1AAB}
	EndProjectSection
EndProject
Project("{8BC9CEB8-8B4A-11D0-8D11-00A0C91BC942}") = "ejswebserver", "ejswebserver.vcproj", "{335892E3-0183-47D6-BDE3-EF95CDCC62EA}"
	ProjectSection(ProjectDependencies) = postProject
		{EFF21AB0-78D1-4EB3-9407-89DBB870C8DE} = {EFF21AB0-78D1-4EB3-9407-89DBB870C8DE}
		{D001A2B1-DDFC-4EF9-8202-8F37263DFC4C} = {D001A2B1-DDFC-4EF9-8202-8F37263DFC4C}
		{1EABCABF-519E-4B55-9AB7-6151DF029FC4} = {1EABCABF-519E-4B55-9AB7-6151DF029FC4}
		{BA2C51B3-D840-448F-8D75-BB6F385C3F3D} = {BA2C51B3-D840-448F-8D75-BB6F385C3F3D}
		{DAAF431C-B811-49DF-94C0-82B4AF3E1AAB} = {DAAF431C-B811-49DF-94C0-82B4AF3E1AAB}
	EndProjectSection
EndProject
Project("{8BC9CEB8-8B4A-11D0-8D11-00A0C91BC942}") = "libmpr", "libmpr.vcproj", "{DAAF431C-B811-49DF-94C0-82B4AF3E1AAB}"
	ProjectSection(ProjectDependencies) = postProject
		{28760739-5566-42A2-AF7A-97AE51A63BC8} = {28760739-5566-42A2-AF7A-97AE51A63BC8}
	EndProjectSection
EndProject
Project("{8BC9CEB8-8B4A-11D0-8D11-00A0C91BC942}") = "libejs", "libejs.vcproj", "{1EABCABF-519E-4B55-9AB7-6151DF029FC4}"
	ProjectSection(ProjectDependencies) = postProject
		{DAAF431C-B811-49DF-94C0-82B4AF3E1AAB} = {DAAF431C-B811-49DF-94C0-82B4AF3E1AAB}
		{2AD7DB6B-5511-4953-8FED-34D9705D0F91} = {2AD7DB6B-5511-4953-8FED-34D9705D0F91}
		{42A0B581-42F1-443C-AB1D-38ED537F7692} = {42A0B581-42F1-443C-AB1D-38ED537F7692}
		{748A22EF-358B-4BCF-8913-62D7C37F6939} = {748A22EF-358B-4BCF-8913-62D7C37F6939}
	EndProjectSection
EndProject
Project("{8BC9CEB8-8B4A-11D0-8D11-00A0C91BC942}") = "libmprssl", "libmprssl.vcproj", "{42A0B581-42F1-443C-AB1D-38ED537F7692}"
	ProjectSection(ProjectDependencies) = postProject
		{DAAF431C-B811-49DF-94C0-82B4AF3E1AAB} = {DAAF431C-B811-49DF-94C0-82B4AF3E1AAB}
	EndProjectSection
EndProject
Project("{8BC9CEB8-8B4A-11D0-8D11-00A0C91BC942}") = "libpcre", "libpcre.vcproj", "{2AD7DB6B-5511-4953-8FED-34D9705D0F91}"
	ProjectSection(ProjectDependencies) = postProject
		{DAAF431C-B811-49DF-94C0-82B4AF3E1AAB} = {DAAF431C-B811-49DF-94C0-82B4AF3E1AAB}
		{42A0B581-42F1-443C-AB1D-38ED537F7692} = {42A0B581-42F1-443C-AB1D-38ED537F7692}
	EndProjectSection
EndProject
Project("{8BC9CEB8-8B4A-11D0-8D11-00A0C91BC942}") = "libsqlite3", "libsqlite3.vcproj", "{748A22EF-358B-4BCF-8913-62D7C37F6939}"
	ProjectSection(ProjectDependencies) = postProject
		{DAAF431C-B811-49DF-94C0-82B4AF3E1AAB} = {DAAF431C-B811-49DF-94C0-82B4AF3E1AAB}
	EndProjectSection
EndProject
Project("{8BC9CEB8-8B4A-11D0-8D11-00A0C91BC942}") = "libec", "libec.vcproj", "{EFF21AB0-78D1-4EB3-9407-89DBB870C8DE}"
	ProjectSection(ProjectDependencies) = postProject
		{DAAF431C-B811-49DF-94C0-82B4AF3E1AAB} = {DAAF431C-B811-49DF-94C0-82B4AF3E1AAB}
		{1EABCABF-519E-4B55-9AB7-6151DF029FC4} = {1EABCABF-519E-4B55-9AB7-6151DF029FC4}
	EndProjectSection
EndProject
Project("{8BC9CEB8-8B4A-11D0-8D11-00A0C91BC942}") = "ejs.web", "ejs.web.vcproj", "{BA2C51B3-D840-448F-8D75-BB6F385C3F3D}"
EndProject
Project("{8BC9CEB8-8B4A-11D0-8D11-00A0C91BC942}") = "setup", "setup.vcproj", "{28760739-5566-42A2-AF7A-97AE51A63BC8}"
EndProject
Global
	GlobalSection(SolutionConfigurationPlatforms) = preSolution
		Debug|Win32 = Debug|Win32
		Release|Win32 = Release|Win32
	EndGlobalSection
	GlobalSection(ProjectConfigurationPlatforms) = postSolution
		{E9635127-7580-414E-9128-D7C2C3519EFC}.Debug|Win32.ActiveCfg = Debug|Win32
		{E9635127-7580-414E-9128-D7C2C3519EFC}.Debug|Win32.Build.0 = Debug|Win32
		{E9635127-7580-414E-9128-D7C2C3519EFC}.Release|Win32.ActiveCfg = Release|Win32
		{E9635127-7580-414E-9128-D7C2C3519EFC}.Release|Win32.Build.0 = Release|Win32
		{71A19533-E8CC-41E0-8C56-27DEE236122F}.Debug|Win32.ActiveCfg = Debug|Win32
		{71A19533-E8CC-41E0-8C56-27DEE236122F}.Debug|Win32.Build.0 = Debug|Win32
		{71A19533-E8CC-41E0-8C56-27DEE236122F}.Release|Win32.ActiveCfg = Release|Win32
		{71A19533-E8CC-41E0-8C56-27DEE236122F}.Release|Win32.Build.0 = Release|Win32
		{A319C139-B2EC-4E8F-8E44-61C58C8CF3CB}.Debug|Win32.ActiveCfg = Debug|Win32
		{A319C139-B2EC-4E8F-8E44-61C58C8CF3CB}.Debug|Win32.Build.0 = Debug|Win32
		{A319C139-B2EC-4E8F-8E44-61C58C8CF3CB}.Release|Win32.ActiveCfg = Release|Win32
		{A319C139-B2EC-4E8F-8E44-61C58C8CF3CB}.Release|Win32.Build.0 = Release|Win32
		{11628554-282C-4391-843C-343DC6F4ACDE}.Debug|Win32.ActiveCfg = Debug|Win32
		{11628554-282C-4391-843C-343DC6F4ACDE}.Debug|Win32.Build.0 = Debug|Win32
		{11628554-282C-4391-843C-343DC6F4ACDE}.Release|Win32.ActiveCfg = Release|Win32
		{11628554-282C-4391-843C-343DC6F4ACDE}.Release|Win32.Build.0 = Release|Win32
		{1C28FC40-CA0E-4289-B892-226F1DE4B272}.Debug|Win32.ActiveCfg = Debug|Win32
		{1C28FC40-CA0E-4289-B892-226F1DE4B272}.Debug|Win32.Build.0 = Debug|Win32
		{1C28FC40-CA0E-4289-B892-226F1DE4B272}.Release|Win32.ActiveCfg = Release|Win32
		{1C28FC40-CA0E-4289-B892-226F1DE4B272}.Release|Win32.Build.0 = Release|Win32
		{D001A2B1-DDFC-4EF9-8202-8F37263DFC4C}.Debug|Win32.ActiveCfg = Debug|Win32
		{D001A2B1-DDFC-4EF9-8202-8F37263DFC4C}.Debug|Win32.Build.0 = Debug|Win32
		{D001A2B1-DDFC-4EF9-8202-8F37263DFC4C}.Release|Win32.ActiveCfg = Release|Win32
		{D001A2B1-DDFC-4EF9-8202-8F37263DFC4C}.Release|Win32.Build.0 = Release|Win32
		{428A6BD3-5425-46F9-8215-639CF3519955}.Debug|Win32.ActiveCfg = Debug|Win32
		{428A6BD3-5425-46F9-8215-639CF3519955}.Debug|Win32.Build.0 = Debug|Win32
		{428A6BD3-5425-46F9-8215-639CF3519955}.Release|Win32.ActiveCfg = Release|Win32
		{428A6BD3-5425-46F9-8215-639CF3519955}.Release|Win32.Build.0 = Release|Win32
		{335892E3-0183-47D6-BDE3-EF95CDCC62EA}.Debug|Win32.ActiveCfg = Debug|Win32
		{335892E3-0183-47D6-BDE3-EF95CDCC62EA}.Debug|Win32.Build.0 = Debug|Win32
		{335892E3-0183-47D6-BDE3-EF95CDCC62EA}.Release|Win32.ActiveCfg = Release|Win32
		{335892E3-0183-47D6-BDE3-EF95CDCC62EA}.Release|Win32.Build.0 = Release|Win32
		{DAAF431C-B811-49DF-94C0-82B4AF3E1AAB}.Debug|Win32.ActiveCfg = Debug|Win32
		{DAAF431C-B811-49DF-94C0-82B4AF3E1AAB}.Debug|Win32.Build.0 = Debug|Win32
		{DAAF431C-B811-49DF-94C0-82B4AF3E1AAB}.Release|Win32.ActiveCfg = Release|Win32
		{DAAF431C-B811-49DF-94C0-82B4AF3E1AAB}.Release|Win32.Build.0 = Release|Win32
		{1EABCABF-519E-4B55-9AB7-6151DF029FC4}.Debug|Win32.ActiveCfg = Debug|Win32
		{1EABCABF-519E-4B55-9AB7-6151DF029FC4}.Debug|Win32.Build.0 = Debug|Win32
		{1EABCABF-519E-4B55-9AB7-6151DF029FC4}.Release|Win32.ActiveCfg = Release|Win32
		{1EABCABF-519E-4B55-9AB7-6151DF029FC4}.Release|Win32.Build.0 = Release|Win32
		{42A0B581-42F1-443C-AB1D-38ED537F7692}.Debug|Win32.ActiveCfg = Debug|Win32
		{42A0B581-42F1-443C-AB1D-38ED537F7692}.Debug|Win32.Build.0 = Debug|Win32
		{42A0B581-42F1-443C-AB1D-38ED537F7692}.Release|Win32.ActiveCfg = Release|Win32
		{42A0B581-42F1-443C-AB1D-38ED537F7692}.Release|Win32.Build.0 = Release|Win32
		{2AD7DB6B-5511-4953-8FED-34D9705D0F91}.Debug|Win32.ActiveCfg = Debug|Win32
		{2AD7DB6B-5511-4953-8FED-34D9705D0F91}.Debug|Win32.Build.0 = Debug|Win32
		{2AD7DB6B-5511-4953-8FED-34D9705D0F91}.Release|Win32.ActiveCfg = Release|Win32
		{2AD7DB6B-5511-4953-8FED-34D9705D0F91}.Release|Win32.Build.0 = Release|Win32
		{748A22EF-358B-4BCF-8913-62D7C37F6939}.Debug|Win32.ActiveCfg = Debug|Win32
		{748A22EF-358B-4BCF-8913-62D7C37F6939}.Debug|Win32.Build.0 = Debug|Win32
		{748A22EF-358B-4BCF-8913-62D7C37F6939}.Release|Win32.ActiveCfg = Release|Win32
		{748A22EF-358B-4BCF-8913-62D7C37F6939}.Release|Win32.Build.0 = Release|Win32
		{EFF21AB0-78D1-4EB3-9407-89DBB870C8DE}.Debug|Win32.ActiveCfg = Debug|Win32
		{EFF21AB0-78D1-4EB3-9407-89DBB870C8DE}.Debug|Win32.Build.0 = Debug|Win32
		{EFF21AB0-78D1-4EB3-9407-89DBB870C8DE}.Release|Win32.ActiveCfg = Release|Win32
		{EFF21AB0-78D1-4EB3-9407-89DBB870C8DE}.Release|Win32.Build.0 = Release|Win32
		{BA2C51B3-D840-448F-8D75-BB6F385C3F3D}.Debug|Win32.ActiveCfg = Debug|Win32
		{BA2C51B3-D840-448F-8D75-BB6F385C3F3D}.Debug|Win32.Build.0 = Debug|Win32
		{BA2C51B3-D840-448F-8D75-BB6F385C3F3D}.Release|Win32.ActiveCfg = Release|Win32
		{BA2C51B3-D840-448F-8D75-BB6F385C3F3D}.Release|Win32.Build.0 = Release|Win32
		{28760739-5566-42A2-AF7A-97AE51A63BC8}.Debug|Win32.ActiveCfg = Debug|Win32
		{28760739-5566-42A2-AF7A-97AE51A63BC8}.Debug|Win32.Build.0 = Debug|Win32
		{28760739-5566-42A2-AF7A-97AE51A63BC8}.Release|Win32.ActiveCfg = Release|Win32
		{28760739-5566-42A2-AF7A-97AE51A63BC8}.Release|Win32.Build.0 = Release|Win32
	EndGlobalSection
	GlobalSection(SolutionProperties) = preSolution
		HideSolutionNode = FALSE
	EndGlobalSection
EndGlobal
